
Microsoft Visual Studio Solution File, Format Version 12.00
# Visual Studio Version 17
VisualStudioVersion = 17.5.002.0
MinimumVisualStudioVersion = 10.0.40219.1
Project("{9A19103F-16F7-4668-BE54-9A1E7A4F7556}") = "mz", "mz.csproj", "{CFA7D666-E710-4E7D-8158-86993F14FE11}"
EndProject
Global
	GlobalSection(SolutionConfigurationPlatforms) = preSolution
		Debug|Any CPU = Debug|Any CPU
		Release|Any CPU = Release|Any CPU
	EndGlobalSection
	GlobalSection(ProjectConfigurationPlatforms) = postSolution
		{CFA7D666-E710-4E7D-8158-86993F14FE11}.Debug|Any CPU.ActiveCfg = Debug|Any CPU
		{CFA7D666-E710-4E7D-8158-86993F14FE11}.Debug|Any CPU.Build.0 = Debug|Any CPU
		{CFA7D666-E710-4E7D-8158-86993F14FE11}.Release|Any CPU.ActiveCfg = Release|Any CPU
		{CFA7D666-E710-4E7D-8158-86993F14FE11}.Release|Any CPU.Build.0 = Release|Any CPU
	EndGlobalSection
	GlobalSection(SolutionProperties) = preSolution
		HideSolutionNode = FALSE
	EndGlobalSection
	GlobalSection(ExtensibilityGlobals) = postSolution
		SolutionGuid = {C32E5C82-8E56-4870-A1B1-76B256B38CE4}
	EndGlobalSection
EndGlobal
